// !$*UTF8*$!
{
	archiveVersion = 1;
	classes = {
	};
	objectVersion = 44;
	objects = {

/* Begin PBXBuildFile section */
		4DE339F70D74FCDD00ADB6EE /* rb_main.rb in Resources */ = {isa = PBXBuildFile; fileRef = 4DE339F60D74FCDD00ADB6EE /* rb_main.rb */; };
		4DE3BE140D8651D900ECA448 /* MacRuby.framework in Frameworks */ = {isa = PBXBuildFile; fileRef = 4DE3BE130D8651D900ECA448 /* MacRuby.framework */; };
		8D11072A0486CEB800E47090 /* MainMenu.nib in Resources */ = {isa = PBXBuildFile; fileRef = 29B97318FDCFA39411CA2CEA /* MainMenu.nib */; };
		8D11072B0486CEB800E47090 /* InfoPlist.strings in Resources */ = {isa = PBXBuildFile; fileRef = 089C165CFE840E0CC02AAC07 /* InfoPlist.strings */; };
		8D11072D0486CEB800E47090 /* main.m in Sources */ = {isa = PBXBuildFile; fileRef = 29B97316FDCFA39411CA2CEA /* main.m */; settings = {ATTRIBUTES = (); }; };
		8D11072F0486CEB800E47090 /* Cocoa.framework in Frameworks */ = {isa = PBXBuildFile; fileRef = 1058C7A1FEA54F0111CA2CBB /* Cocoa.framework */; };
		C40A957D106D9C0600FA90B0 /* memory_stack.rb in Resources */ = {isa = PBXBuildFile; fileRef = C40A957C106D9C0600FA90B0 /* memory_stack.rb */; };
		C44F72D2106A9020008628C6 /* table_view_source.rb in Resources */ = {isa = PBXBuildFile; fileRef = C44F72D1106A9020008628C6 /* table_view_source.rb */; };
		C497B52A105D79BD00FFB668 /* application_controller.rb in Resources */ = {isa = PBXBuildFile; fileRef = C497B529105D79BD00FFB668 /* application_controller.rb */; };
		C497B533105E677300FFB668 /* processor.rb in Resources */ = {isa = PBXBuildFile; fileRef = C497B532105E677300FFB668 /* processor.rb */; };
		C497B535105E67CF00FFB668 /* memory.rb in Resources */ = {isa = PBXBuildFile; fileRef = C497B534105E67CF00FFB668 /* memory.rb */; };
		C497B537105E682400FFB668 /* register.rb in Resources */ = {isa = PBXBuildFile; fileRef = C497B536105E682400FFB668 /* register.rb */; };
		C497B539105E685000FFB668 /* storage_access.rb in Resources */ = {isa = PBXBuildFile; fileRef = C497B538105E685000FFB668 /* storage_access.rb */; };
		C497B53B105E688D00FFB668 /* memory_object.rb in Resources */ = {isa = PBXBuildFile; fileRef = C497B53A105E688D00FFB668 /* memory_object.rb */; };
		C497B53E105E68C000FFB668 /* utility.rb in Resources */ = {isa = PBXBuildFile; fileRef = C497B53D105E68C000FFB668 /* utility.rb */; };
		C497B540105E68D400FFB668 /* extension.rb in Resources */ = {isa = PBXBuildFile; fileRef = C497B53F105E68D400FFB668 /* extension.rb */; };
		C497B5DC1061100F00FFB668 /* lib in Resources */ = {isa = PBXBuildFile; fileRef = C497B5961061100F00FFB668 /* lib */; };
		C497B5DE1061818F00FFB668 /* simulator_database.rb in Resources */ = {isa = PBXBuildFile; fileRef = C497B5DD1061818F00FFB668 /* simulator_database.rb */; };
		C4A5FD3A1063DC9900A43A26 /* decoder.rb in Resources */ = {isa = PBXBuildFile; fileRef = C4A5FD391063DC9900A43A26 /* decoder.rb */; };
/* End PBXBuildFile section */

/* Begin PBXFileReference section */
		089C165DFE840E0CC02AAC07 /* English */ = {isa = PBXFileReference; fileEncoding = 10; lastKnownFileType = text.plist.strings; name = English; path = English.lproj/InfoPlist.strings; sourceTree = "<group>"; };
		1058C7A1FEA54F0111CA2CBB /* Cocoa.framework */ = {isa = PBXFileReference; lastKnownFileType = wrapper.framework; name = Cocoa.framework; path = /System/Library/Frameworks/Cocoa.framework; sourceTree = "<absolute>"; };
		13E42FB307B3F0F600E4EEF1 /* CoreData.framework */ = {isa = PBXFileReference; lastKnownFileType = wrapper.framework; name = CoreData.framework; path = /System/Library/Frameworks/CoreData.framework; sourceTree = "<absolute>"; };
		29B97316FDCFA39411CA2CEA /* main.m */ = {isa = PBXFileReference; fileEncoding = 4; lastKnownFileType = sourcecode.c.objc; path = main.m; sourceTree = "<group>"; };
		29B97319FDCFA39411CA2CEA /* English */ = {isa = PBXFileReference; lastKnownFileType = wrapper.nib; name = English; path = English.lproj/MainMenu.nib; sourceTree = "<group>"; };
		29B97324FDCFA39411CA2CEA /* AppKit.framework */ = {isa = PBXFileReference; lastKnownFileType = wrapper.framework; name = AppKit.framework; path = /System/Library/Frameworks/AppKit.framework; sourceTree = "<absolute>"; };
		29B97325FDCFA39411CA2CEA /* Foundation.framework */ = {isa = PBXFileReference; lastKnownFileType = wrapper.framework; name = Foundation.framework; path = /System/Library/Frameworks/Foundation.framework; sourceTree = "<absolute>"; };
		4DE339F60D74FCDD00ADB6EE /* rb_main.rb */ = {isa = PBXFileReference; fileEncoding = 4; lastKnownFileType = text.script.ruby; path = rb_main.rb; sourceTree = "<group>"; };
		4DE3BE130D8651D900ECA448 /* MacRuby.framework */ = {isa = PBXFileReference; lastKnownFileType = wrapper.framework; name = MacRuby.framework; path = /Library/Frameworks/MacRuby.framework; sourceTree = "<absolute>"; };
		8D1107310486CEB800E47090 /* Info.plist */ = {isa = PBXFileReference; fileEncoding = 4; lastKnownFileType = text.plist.xml; path = Info.plist; sourceTree = "<group>"; };
		8D1107320486CEB800E47090 /* MacRuby-Sim8086.app */ = {isa = PBXFileReference; explicitFileType = wrapper.application; includeInIndex = 0; path = "MacRuby-Sim8086.app"; sourceTree = BUILT_PRODUCTS_DIR; };
		C40A957C106D9C0600FA90B0 /* memory_stack.rb */ = {isa = PBXFileReference; fileEncoding = 4; lastKnownFileType = text.script.ruby; path = memory_stack.rb; sourceTree = "<group>"; };
		C44F72D1106A9020008628C6 /* table_view_source.rb */ = {isa = PBXFileReference; fileEncoding = 4; lastKnownFileType = text.script.ruby; path = table_view_source.rb; sourceTree = "<group>"; };
		C497B529105D79BD00FFB668 /* application_controller.rb */ = {isa = PBXFileReference; fileEncoding = 4; lastKnownFileType = text.script.ruby; path = application_controller.rb; sourceTree = "<group>"; };
		C497B532105E677300FFB668 /* processor.rb */ = {isa = PBXFileReference; fileEncoding = 4; lastKnownFileType = text.script.ruby; path = processor.rb; sourceTree = "<group>"; };
		C497B534105E67CF00FFB668 /* memory.rb */ = {isa = PBXFileReference; fileEncoding = 4; lastKnownFileType = text.script.ruby; path = memory.rb; sourceTree = "<group>"; };
		C497B536105E682400FFB668 /* register.rb */ = {isa = PBXFileReference; fileEncoding = 4; lastKnownFileType = text.script.ruby; path = register.rb; sourceTree = "<group>"; };
		C497B538105E685000FFB668 /* storage_access.rb */ = {isa = PBXFileReference; fileEncoding = 4; lastKnownFileType = text.script.ruby; path = storage_access.rb; sourceTree = "<group>"; };
		C497B53A105E688D00FFB668 /* memory_object.rb */ = {isa = PBXFileReference; fileEncoding = 4; lastKnownFileType = text.script.ruby; path = memory_object.rb; sourceTree = "<group>"; };
		C497B53D105E68C000FFB668 /* utility.rb */ = {isa = PBXFileReference; fileEncoding = 4; lastKnownFileType = text.script.ruby; path = utility.rb; sourceTree = "<group>"; };
		C497B53F105E68D400FFB668 /* extension.rb */ = {isa = PBXFileReference; fileEncoding = 4; lastKnownFileType = text.script.ruby; path = extension.rb; sourceTree = "<group>"; };
		C497B5961061100F00FFB668 /* lib */ = {isa = PBXFileReference; lastKnownFileType = folder; path = lib; sourceTree = "<group>"; };
		C497B5DD1061818F00FFB668 /* simulator_database.rb */ = {isa = PBXFileReference; fileEncoding = 4; lastKnownFileType = text.script.ruby; path = simulator_database.rb; sourceTree = "<group>"; };
		C497B5DF1061826B00FFB668 /* config.yaml */ = {isa = PBXFileReference; fileEncoding = 4; lastKnownFileType = text; path = config.yaml; sourceTree = "<group>"; };
		C4A5FD391063DC9900A43A26 /* decoder.rb */ = {isa = PBXFileReference; fileEncoding = 4; lastKnownFileType = text.script.ruby; path = decoder.rb; sourceTree = "<group>"; };
/* End PBXFileReference section */

/* Begin PBXFrameworksBuildPhase section */
		8D11072E0486CEB800E47090 /* Frameworks */ = {
			isa = PBXFrameworksBuildPhase;
			buildActionMask = 2147483647;
			files = (
				8D11072F0486CEB800E47090 /* Cocoa.framework in Frameworks */,
				4DE3BE140D8651D900ECA448 /* MacRuby.framework in Frameworks */,
			);
			runOnlyForDeploymentPostprocessing = 0;
		};
/* End PBXFrameworksBuildPhase section */

/* Begin PBXGroup section */
		080E96DDFE201D6D7F000001 /* Classes */ = {
			isa = PBXGroup;
			children = (
				C4A5FD381063B36A00A43A26 /* tests */,
				C497B53C105E68B600FFB668 /* lib */,
				C497B531105E676100FFB668 /* Models */,
				C497B526105D184900FFB668 /* Controllers */,
				C497B5DF1061826B00FFB668 /* config.yaml */,
			);
			name = Classes;
			sourceTree = "<group>";
		};
		1058C7A0FEA54F0111CA2CBB /* Linked Frameworks */ = {
			isa = PBXGroup;
			children = (
				4DE3BE130D8651D900ECA448 /* MacRuby.framework */,
				1058C7A1FEA54F0111CA2CBB /* Cocoa.framework */,
			);
			name = "Linked Frameworks";
			sourceTree = "<group>";
		};
		1058C7A2FEA54F0111CA2CBB /* Other Frameworks */ = {
			isa = PBXGroup;
			children = (
				29B97324FDCFA39411CA2CEA /* AppKit.framework */,
				13E42FB307B3F0F600E4EEF1 /* CoreData.framework */,
				29B97325FDCFA39411CA2CEA /* Foundation.framework */,
			);
			name = "Other Frameworks";
			sourceTree = "<group>";
		};
		19C28FACFE9D520D11CA2CBB /* Products */ = {
			isa = PBXGroup;
			children = (
				8D1107320486CEB800E47090 /* MacRuby-Sim8086.app */,
			);
			name = Products;
			sourceTree = "<group>";
		};
		29B97314FDCFA39411CA2CEA /* MacRuby-Sim8086 */ = {
			isa = PBXGroup;
			children = (
				080E96DDFE201D6D7F000001 /* Classes */,
				29B97315FDCFA39411CA2CEA /* Other Sources */,
				29B97317FDCFA39411CA2CEA /* Resources */,
				29B97323FDCFA39411CA2CEA /* Frameworks */,
				19C28FACFE9D520D11CA2CBB /* Products */,
			);
			name = "MacRuby-Sim8086";
			sourceTree = "<group>";
		};
		29B97315FDCFA39411CA2CEA /* Other Sources */ = {
			isa = PBXGroup;
			children = (
				4DE339F60D74FCDD00ADB6EE /* rb_main.rb */,
				29B97316FDCFA39411CA2CEA /* main.m */,
			);
			name = "Other Sources";
			sourceTree = "<group>";
		};
		29B97317FDCFA39411CA2CEA /* Resources */ = {
			isa = PBXGroup;
			children = (
				C497B5961061100F00FFB668 /* lib */,
				8D1107310486CEB800E47090 /* Info.plist */,
				089C165CFE840E0CC02AAC07 /* InfoPlist.strings */,
				29B97318FDCFA39411CA2CEA /* MainMenu.nib */,
			);
			name = Resources;
			sourceTree = "<group>";
		};
		29B97323FDCFA39411CA2CEA /* Frameworks */ = {
			isa = PBXGroup;
			children = (
				1058C7A0FEA54F0111CA2CBB /* Linked Frameworks */,
				1058C7A2FEA54F0111CA2CBB /* Other Frameworks */,
			);
			name = Frameworks;
			sourceTree = "<group>";
		};
		C497B526105D184900FFB668 /* Controllers */ = {
			isa = PBXGroup;
			children = (
				C497B529105D79BD00FFB668 /* application_controller.rb */,
			);
			name = Controllers;
			sourceTree = "<group>";
		};
		C497B531105E676100FFB668 /* Models */ = {
			isa = PBXGroup;
			children = (
				C497B532105E677300FFB668 /* processor.rb */,
				C497B534105E67CF00FFB668 /* memory.rb */,
				C497B536105E682400FFB668 /* register.rb */,
				C497B538105E685000FFB668 /* storage_access.rb */,
				C497B53A105E688D00FFB668 /* memory_object.rb */,
				C497B5DD1061818F00FFB668 /* simulator_database.rb */,
				C4A5FD391063DC9900A43A26 /* decoder.rb */,
				C44F72D1106A9020008628C6 /* table_view_source.rb */,
				C40A957C106D9C0600FA90B0 /* memory_stack.rb */,
			);
			name = Models;
			sourceTree = "<group>";
		};
		C497B53C105E68B600FFB668 /* lib */ = {
			isa = PBXGroup;
			children = (
				C497B53D105E68C000FFB668 /* utility.rb */,
				C497B53F105E68D400FFB668 /* extension.rb */,
			);
			name = lib;
			sourceTree = "<group>";
		};
		C4A5FD381063B36A00A43A26 /* tests */ = {
			isa = PBXGroup;
			children = (
			);
			name = tests;
			sourceTree = "<group>";
		};
/* End PBXGroup section */

/* Begin PBXNativeTarget section */
		8D1107260486CEB800E47090 /* MacRuby-Sim8086 */ = {
			isa = PBXNativeTarget;
			buildConfigurationList = C01FCF4A08A954540054247B /* Build configuration list for PBXNativeTarget "MacRuby-Sim8086" */;
			buildPhases = (
				8D1107290486CEB800E47090 /* Resources */,
				8D11072C0486CEB800E47090 /* Sources */,
				8D11072E0486CEB800E47090 /* Frameworks */,
			);
			buildRules = (
			);
			dependencies = (
			);
			name = "MacRuby-Sim8086";
			productInstallPath = "$(HOME)/Applications";
			productName = "MacRuby-Sim8086";
			productReference = 8D1107320486CEB800E47090 /* MacRuby-Sim8086.app */;
			productType = "com.apple.product-type.application";
		};
/* End PBXNativeTarget section */

/* Begin PBXProject section */
		29B97313FDCFA39411CA2CEA /* Project object */ = {
			isa = PBXProject;
			buildConfigurationList = C01FCF4E08A954540054247B /* Build configuration list for PBXProject "MacRuby-Sim8086" */;
			compatibilityVersion = "Xcode 3.0";
			hasScannedForEncodings = 1;
			mainGroup = 29B97314FDCFA39411CA2CEA /* MacRuby-Sim8086 */;
			projectDirPath = "";
			projectRoot = "";
			targets = (
				8D1107260486CEB800E47090 /* MacRuby-Sim8086 */,
			);
		};
/* End PBXProject section */

/* Begin PBXResourcesBuildPhase section */
		8D1107290486CEB800E47090 /* Resources */ = {
			isa = PBXResourcesBuildPhase;
			buildActionMask = 2147483647;
			files = (
				8D11072A0486CEB800E47090 /* MainMenu.nib in Resources */,
				8D11072B0486CEB800E47090 /* InfoPlist.strings in Resources */,
				4DE339F70D74FCDD00ADB6EE /* rb_main.rb in Resources */,
				C497B52A105D79BD00FFB668 /* application_controller.rb in Resources */,
				C497B533105E677300FFB668 /* processor.rb in Resources */,
				C497B535105E67CF00FFB668 /* memory.rb in Resources */,
				C497B537105E682400FFB668 /* register.rb in Resources */,
				C497B539105E685000FFB668 /* storage_access.rb in Resources */,
				C497B53B105E688D00FFB668 /* memory_object.rb in Resources */,
				C497B53E105E68C000FFB668 /* utility.rb in Resources */,
				C497B540105E68D400FFB668 /* extension.rb in Resources */,
				C497B5DC1061100F00FFB668 /* lib in Resources */,
				C497B5DE1061818F00FFB668 /* simulator_database.rb in Resources */,
				C4A5FD3A1063DC9900A43A26 /* decoder.rb in Resources */,
				C44F72D2106A9020008628C6 /* table_view_source.rb in Resources */,
				C40A957D106D9C0600FA90B0 /* memory_stack.rb in Resources */,
			);
			runOnlyForDeploymentPostprocessing = 0;
		};
/* End PBXResourcesBuildPhase section */

/* Begin PBXSourcesBuildPhase section */
		8D11072C0486CEB800E47090 /* Sources */ = {
			isa = PBXSourcesBuildPhase;
			buildActionMask = 2147483647;
			files = (
				8D11072D0486CEB800E47090 /* main.m in Sources */,
			);
			runOnlyForDeploymentPostprocessing = 0;
		};
/* End PBXSourcesBuildPhase section */

/* Begin PBXVariantGroup section */
		089C165CFE840E0CC02AAC07 /* InfoPlist.strings */ = {
			isa = PBXVariantGroup;
			children = (
				089C165DFE840E0CC02AAC07 /* English */,
			);
			name = InfoPlist.strings;
			sourceTree = "<group>";
		};
		29B97318FDCFA39411CA2CEA /* MainMenu.nib */ = {
			isa = PBXVariantGroup;
			children = (
				29B97319FDCFA39411CA2CEA /* English */,
			);
			name = MainMenu.nib;
			sourceTree = "<group>";
		};
/* End PBXVariantGroup section */

/* Begin XCBuildConfiguration section */
		C01FCF4B08A954540054247B /* Debug */ = {
			isa = XCBuildConfiguration;
			buildSettings = {
				COPY_PHASE_STRIP = NO;
				GCC_DYNAMIC_NO_PIC = NO;
				GCC_ENABLE_FIX_AND_CONTINUE = YES;
				GCC_MODEL_TUNING = G5;
				GCC_OPTIMIZATION_LEVEL = 0;
				GCC_PRECOMPILE_PREFIX_HEADER = YES;
				INFOPLIST_FILE = Info.plist;
				INSTALL_PATH = "$(HOME)/Applications";
				PRODUCT_NAME = "MacRuby-Sim8086";
				WRAPPER_EXTENSION = app;
				ZERO_LINK = YES;
			};
			name = Debug;
		};
		C01FCF4C08A954540054247B /* Release */ = {
			isa = XCBuildConfiguration;
			buildSettings = {
				DEBUG_INFORMATION_FORMAT = "dwarf-with-dsym";
				GCC_MODEL_TUNING = G5;
				GCC_PRECOMPILE_PREFIX_HEADER = YES;
				INFOPLIST_FILE = Info.plist;
				INSTALL_PATH = "$(HOME)/Applications";
				PRODUCT_NAME = "MacRuby-Sim8086";
				WRAPPER_EXTENSION = app;
			};
			name = Release;
		};
		C01FCF4F08A954540054247B /* Debug */ = {
			isa = XCBuildConfiguration;
			buildSettings = {
				ARCHS = "$(NATIVE_ARCH_ACTUAL)";
				GCC_ENABLE_OBJC_GC = required;
				GCC_WARN_ABOUT_RETURN_TYPE = YES;
				GCC_WARN_UNUSED_VARIABLE = YES;
				PREBINDING = NO;
				SDKROOT = "$(DEVELOPER_SDK_DIR)/MacOSX10.5.sdk";
			};
			name = Debug;
		};
		C01FCF5008A954540054247B /* Release */ = {
			isa = XCBuildConfiguration;
			buildSettings = {
				ARCHS = "$(NATIVE_ARCH_ACTUAL)";
				GCC_ENABLE_OBJC_GC = required;
				GCC_WARN_ABOUT_RETURN_TYPE = YES;
				GCC_WARN_UNUSED_VARIABLE = YES;
				PREBINDING = NO;
				SDKROOT = "$(DEVELOPER_SDK_DIR)/MacOSX10.5.sdk";
			};
			name = Release;
		};
/* End XCBuildConfiguration section */

/* Begin XCConfigurationList section */
		C01FCF4A08A954540054247B /* Build configuration list for PBXNativeTarget "MacRuby-Sim8086" */ = {
			isa = XCConfigurationList;
			buildConfigurations = (
				C01FCF4B08A954540054247B /* Debug */,
				C01FCF4C08A954540054247B /* Release */,
			);
			defaultConfigurationIsVisible = 0;
			defaultConfigurationName = Release;
		};
		C01FCF4E08A954540054247B /* Build configuration list for PBXProject "MacRuby-Sim8086" */ = {
			isa = XCConfigurationList;
			buildConfigurations = (
				C01FCF4F08A954540054247B /* Debug */,
				C01FCF5008A954540054247B /* Release */,
			);
			defaultConfigurationIsVisible = 0;
			defaultConfigurationName = Release;
		};
/* End XCConfigurationList section */
	};
	rootObject = 29B97313FDCFA39411CA2CEA /* Project object */;
}
